
Microsoft Visual Studio Solution File, Format Version 12.00
# Visual Studio 2012
Project("{FAE04EC0-301F-11D3-BF4B-00C04F79EFBC}") = "ProyectoPrueba", "ProyectoPrueba\ProyectoPrueba.csproj", "{C9B179AA-8E15-401F-8651-A2482C6F1DD1}"
EndProject
Global
	GlobalSection(TeamFoundationVersionControl) = preSolution
		SccNumberOfProjects = 2
		SccEnterpriseProvider = {4CA58AB2-18FA-4F8D-95D4-32DDF27D184C}
		SccTeamFoundationServer = https://gemcodesarrollo.visualstudio.com/defaultcollection
		SccLocalPath0 = .
		SccProjectUniqueName1 = ProyectoPrueba\\ProyectoPrueba.csproj
		SccProjectName1 = ProyectoPrueba
		SccLocalPath1 = ProyectoPrueba
	EndGlobalSection
	GlobalSection(SolutionConfigurationPlatforms) = preSolution
		Debug|Any CPU = Debug|Any CPU
		Release|Any CPU = Release|Any CPU
	EndGlobalSection
	GlobalSection(ProjectConfigurationPlatforms) = postSolution
		{C9B179AA-8E15-401F-8651-A2482C6F1DD1}.Debug|Any CPU.ActiveCfg = Debug|Any CPU
		{C9B179AA-8E15-401F-8651-A2482C6F1DD1}.Debug|Any CPU.Build.0 = Debug|Any CPU
		{C9B179AA-8E15-401F-8651-A2482C6F1DD1}.Release|Any CPU.ActiveCfg = Release|Any CPU
		{C9B179AA-8E15-401F-8651-A2482C6F1DD1}.Release|Any CPU.Build.0 = Release|Any CPU
	EndGlobalSection
	GlobalSection(SolutionProperties) = preSolution
		HideSolutionNode = FALSE
	EndGlobalSection
EndGlobal
